
Microsoft Visual Studio Solution File, Format Version 12.00
# Visual Studio 15
VisualStudioVersion = 15.0.26510.0
MinimumVisualStudioVersion = 10.0.40219.1
Project("{9A19103F-16F7-4668-BE54-9A1E7A4F7556}") = "ExemploCustomTagHelpers", "ExemploCustomTagHelpers\ExemploCustomTagHelpers.csproj", "{183241E7-9991-416C-8E26-88D8C9D73FF4}"
EndProject
Global
	GlobalSection(SolutionConfigurationPlatforms) = preSolution
		Debug|Any CPU = Debug|Any CPU
		Release|Any CPU = Release|Any CPU
	EndGlobalSection
	GlobalSection(ProjectConfigurationPlatforms) = postSolution
		{183241E7-9991-416C-8E26-88D8C9D73FF4}.Debug|Any CPU.ActiveCfg = Debug|Any CPU
		{183241E7-9991-416C-8E26-88D8C9D73FF4}.Debug|Any CPU.Build.0 = Debug|Any CPU
		{183241E7-9991-416C-8E26-88D8C9D73FF4}.Release|Any CPU.ActiveCfg = Release|Any CPU
		{183241E7-9991-416C-8E26-88D8C9D73FF4}.Release|Any CPU.Build.0 = Release|Any CPU
	EndGlobalSection
	GlobalSection(SolutionProperties) = preSolution
		HideSolutionNode = FALSE
	EndGlobalSection
EndGlobal
